
Microsoft Visual Studio Solution File, Format Version 12.00
# Visual Studio Version 17
VisualStudioVersion = 17.12.35514.174
MinimumVisualStudioVersion = 10.0.40219.1
Project("{FAE04EC0-301F-11D3-BF4B-00C04F79EFBC}") = "StudentTeacher.Storage", "StudentTeacher.Storage\StudentTeacher.Storage.csproj", "{04CF3567-A097-4A0C-B601-BB5FCE04E701}"
	ProjectSection(ProjectDependencies) = postProject
		{40501546-A3BA-4899-B6AE-B8FA2312B3D7} = {40501546-A3BA-4899-B6AE-B8FA2312B3D7}
	EndProjectSection
EndProject
Project("{FAE04EC0-301F-11D3-BF4B-00C04F79EFBC}") = "StudentTeacher.Core", "StudentTeacher.Core\StudentTeacher.Core.csproj", "{40501546-A3BA-4899-B6AE-B8FA2312B3D7}"
EndProject
Project("{FAE04EC0-301F-11D3-BF4B-00C04F79EFBC}") = "StudentTeacher.API", "StudentTeacher.API\StudentTeacher.API.csproj", "{963EA36A-4ED1-43F4-8306-8B3FCB0C8540}"
	ProjectSection(ProjectDependencies) = postProject
		{04CF3567-A097-4A0C-B601-BB5FCE04E701} = {04CF3567-A097-4A0C-B601-BB5FCE04E701}
		{40501546-A3BA-4899-B6AE-B8FA2312B3D7} = {40501546-A3BA-4899-B6AE-B8FA2312B3D7}
	EndProjectSection
EndProject
Global
	GlobalSection(SolutionConfigurationPlatforms) = preSolution
		Debug|Any CPU = Debug|Any CPU
		Release|Any CPU = Release|Any CPU
	EndGlobalSection
	GlobalSection(ProjectConfigurationPlatforms) = postSolution
		{04CF3567-A097-4A0C-B601-BB5FCE04E701}.Debug|Any CPU.ActiveCfg = Debug|Any CPU
		{04CF3567-A097-4A0C-B601-BB5FCE04E701}.Debug|Any CPU.Build.0 = Debug|Any CPU
		{04CF3567-A097-4A0C-B601-BB5FCE04E701}.Release|Any CPU.ActiveCfg = Release|Any CPU
		{04CF3567-A097-4A0C-B601-BB5FCE04E701}.Release|Any CPU.Build.0 = Release|Any CPU
		{40501546-A3BA-4899-B6AE-B8FA2312B3D7}.Debug|Any CPU.ActiveCfg = Debug|Any CPU
		{40501546-A3BA-4899-B6AE-B8FA2312B3D7}.Debug|Any CPU.Build.0 = Debug|Any CPU
		{40501546-A3BA-4899-B6AE-B8FA2312B3D7}.Release|Any CPU.ActiveCfg = Release|Any CPU
		{40501546-A3BA-4899-B6AE-B8FA2312B3D7}.Release|Any CPU.Build.0 = Release|Any CPU
		{963EA36A-4ED1-43F4-8306-8B3FCB0C8540}.Debug|Any CPU.ActiveCfg = Debug|Any CPU
		{963EA36A-4ED1-43F4-8306-8B3FCB0C8540}.Debug|Any CPU.Build.0 = Debug|Any CPU
		{963EA36A-4ED1-43F4-8306-8B3FCB0C8540}.Release|Any CPU.ActiveCfg = Release|Any CPU
		{963EA36A-4ED1-43F4-8306-8B3FCB0C8540}.Release|Any CPU.Build.0 = Release|Any CPU
	EndGlobalSection
	GlobalSection(SolutionProperties) = preSolution
		HideSolutionNode = FALSE
	EndGlobalSection
EndGlobal
